// !$*UTF8*$!
{
	archiveVersion = 1;
	classes = {
	};
	objectVersion = 46;
	objects = {

/* Begin PBXBuildFile section */
		8C3E23F98C49CAA061D6B3E2 /* Pods_InvolvistApp.framework in Frameworks */ = {isa = PBXBuildFile; fileRef = BEFE78C6EFAA32D9D4DAC618 /* Pods_InvolvistApp.framework */; };
		AB048F5D1EBD273900A3F889 /* WireframeButton.swift in Sources */ = {isa = PBXBuildFile; fileRef = AB048F5C1EBD273900A3F889 /* WireframeButton.swift */; };
		AB048F601EBFA16000A3F889 /* Localizable.strings in Resources */ = {isa = PBXBuildFile; fileRef = AB048F5F1EBFA16000A3F889 /* Localizable.strings */; };
		AB21F1BD1EB99499000AC7BB /* AppDelegate.swift in Sources */ = {isa = PBXBuildFile; fileRef = AB21F1BC1EB99499000AC7BB /* AppDelegate.swift */; };
		AB21F1BF1EB99499000AC7BB /* RootNavigationController.swift in Sources */ = {isa = PBXBuildFile; fileRef = AB21F1BE1EB99499000AC7BB /* RootNavigationController.swift */; };
		AB21F1C21EB99499000AC7BB /* Main.storyboard in Resources */ = {isa = PBXBuildFile; fileRef = AB21F1C01EB99499000AC7BB /* Main.storyboard */; };
		AB21F1C41EB99499000AC7BB /* Assets.xcassets in Resources */ = {isa = PBXBuildFile; fileRef = AB21F1C31EB99499000AC7BB /* Assets.xcassets */; };
		AB21F1C71EB99499000AC7BB /* LaunchScreen.storyboard in Resources */ = {isa = PBXBuildFile; fileRef = AB21F1C51EB99499000AC7BB /* LaunchScreen.storyboard */; };
		AB5393F71EB9952500A00C0B /* SignIn.storyboard in Resources */ = {isa = PBXBuildFile; fileRef = AB5393F61EB9952500A00C0B /* SignIn.storyboard */; };
		AB5393FA1EB9957700A00C0B /* Theme.swift in Sources */ = {isa = PBXBuildFile; fileRef = AB5393F91EB9957700A00C0B /* Theme.swift */; };
		ABCE34891EC6C7D90018D57C /* AuthService.swift in Sources */ = {isa = PBXBuildFile; fileRef = ABCE34881EC6C7D90018D57C /* AuthService.swift */; };
		ABCE348C1EC6C89D0018D57C /* User.swift in Sources */ = {isa = PBXBuildFile; fileRef = ABCE348B1EC6C89D0018D57C /* User.swift */; };
		ABCE348E1EC6CC1F0018D57C /* Authenticator.swift in Sources */ = {isa = PBXBuildFile; fileRef = ABCE348D1EC6CC1F0018D57C /* Authenticator.swift */; };
		ABD78FB71EBCBCFD00E3D5CA /* SignInViewController.swift in Sources */ = {isa = PBXBuildFile; fileRef = ABD78FB61EBCBCFD00E3D5CA /* SignInViewController.swift */; };
		ABD78FBA1EBCD02500E3D5CA /* UnderlinedTextField.xib in Resources */ = {isa = PBXBuildFile; fileRef = ABD78FB91EBCD02500E3D5CA /* UnderlinedTextField.xib */; };
		ABD78FBC1EBCD03300E3D5CA /* UnderlinedTextField.swift in Sources */ = {isa = PBXBuildFile; fileRef = ABD78FBB1EBCD03300E3D5CA /* UnderlinedTextField.swift */; };
		ABF6C8421ED15B8500ED49BF /* AuthResponse.swift in Sources */ = {isa = PBXBuildFile; fileRef = ABF6C8411ED15B8500ED49BF /* AuthResponse.swift */; };
/* End PBXBuildFile section */

/* Begin PBXFileReference section */
		2176B88952D90FB15A06FEEC /* Pods-InvolvistApp.release.xcconfig */ = {isa = PBXFileReference; includeInIndex = 1; lastKnownFileType = text.xcconfig; name = "Pods-InvolvistApp.release.xcconfig"; path = "Pods/Target Support Files/Pods-InvolvistApp/Pods-InvolvistApp.release.xcconfig"; sourceTree = "<group>"; };
		AB048F5C1EBD273900A3F889 /* WireframeButton.swift */ = {isa = PBXFileReference; fileEncoding = 4; lastKnownFileType = sourcecode.swift; path = WireframeButton.swift; sourceTree = "<group>"; };
		AB048F5F1EBFA16000A3F889 /* Localizable.strings */ = {isa = PBXFileReference; fileEncoding = 4; lastKnownFileType = text.plist.strings; path = Localizable.strings; sourceTree = "<group>"; };
		AB21F1B91EB99499000AC7BB /* InvolvistApp.app */ = {isa = PBXFileReference; explicitFileType = wrapper.application; includeInIndex = 0; path = InvolvistApp.app; sourceTree = BUILT_PRODUCTS_DIR; };
		AB21F1BC1EB99499000AC7BB /* AppDelegate.swift */ = {isa = PBXFileReference; lastKnownFileType = sourcecode.swift; path = AppDelegate.swift; sourceTree = "<group>"; };
		AB21F1BE1EB99499000AC7BB /* RootNavigationController.swift */ = {isa = PBXFileReference; lastKnownFileType = sourcecode.swift; path = RootNavigationController.swift; sourceTree = "<group>"; };
		AB21F1C11EB99499000AC7BB /* Base */ = {isa = PBXFileReference; lastKnownFileType = file.storyboard; name = Base; path = Base.lproj/Main.storyboard; sourceTree = "<group>"; };
		AB21F1C31EB99499000AC7BB /* Assets.xcassets */ = {isa = PBXFileReference; lastKnownFileType = folder.assetcatalog; path = Assets.xcassets; sourceTree = "<group>"; };
		AB21F1C61EB99499000AC7BB /* Base */ = {isa = PBXFileReference; lastKnownFileType = file.storyboard; name = Base; path = Base.lproj/LaunchScreen.storyboard; sourceTree = "<group>"; };
		AB21F1C81EB99499000AC7BB /* Info.plist */ = {isa = PBXFileReference; lastKnownFileType = text.plist.xml; path = Info.plist; sourceTree = "<group>"; };
		AB5393F61EB9952500A00C0B /* SignIn.storyboard */ = {isa = PBXFileReference; fileEncoding = 4; lastKnownFileType = file.storyboard; path = SignIn.storyboard; sourceTree = "<group>"; };
		AB5393F91EB9957700A00C0B /* Theme.swift */ = {isa = PBXFileReference; fileEncoding = 4; lastKnownFileType = sourcecode.swift; path = Theme.swift; sourceTree = "<group>"; };
		ABCE34881EC6C7D90018D57C /* AuthService.swift */ = {isa = PBXFileReference; fileEncoding = 4; lastKnownFileType = sourcecode.swift; path = AuthService.swift; sourceTree = "<group>"; };
		ABCE348B1EC6C89D0018D57C /* User.swift */ = {isa = PBXFileReference; fileEncoding = 4; lastKnownFileType = sourcecode.swift; path = User.swift; sourceTree = "<group>"; };
		ABCE348D1EC6CC1F0018D57C /* Authenticator.swift */ = {isa = PBXFileReference; fileEncoding = 4; lastKnownFileType = sourcecode.swift; path = Authenticator.swift; sourceTree = "<group>"; };
		ABD78FB61EBCBCFD00E3D5CA /* SignInViewController.swift */ = {isa = PBXFileReference; fileEncoding = 4; lastKnownFileType = sourcecode.swift; path = SignInViewController.swift; sourceTree = "<group>"; };
		ABD78FB91EBCD02500E3D5CA /* UnderlinedTextField.xib */ = {isa = PBXFileReference; fileEncoding = 4; lastKnownFileType = file.xib; path = UnderlinedTextField.xib; sourceTree = "<group>"; };
		ABD78FBB1EBCD03300E3D5CA /* UnderlinedTextField.swift */ = {isa = PBXFileReference; fileEncoding = 4; lastKnownFileType = sourcecode.swift; path = UnderlinedTextField.swift; sourceTree = "<group>"; };
		ABF6C8411ED15B8500ED49BF /* AuthResponse.swift */ = {isa = PBXFileReference; fileEncoding = 4; lastKnownFileType = sourcecode.swift; path = AuthResponse.swift; sourceTree = "<group>"; };
		BEFE78C6EFAA32D9D4DAC618 /* Pods_InvolvistApp.framework */ = {isa = PBXFileReference; explicitFileType = wrapper.framework; includeInIndex = 0; path = Pods_InvolvistApp.framework; sourceTree = BUILT_PRODUCTS_DIR; };
		E375DEC1A7A53449A1196512 /* Pods-InvolvistApp.debug.xcconfig */ = {isa = PBXFileReference; includeInIndex = 1; lastKnownFileType = text.xcconfig; name = "Pods-InvolvistApp.debug.xcconfig"; path = "Pods/Target Support Files/Pods-InvolvistApp/Pods-InvolvistApp.debug.xcconfig"; sourceTree = "<group>"; };
/* End PBXFileReference section */

/* Begin PBXFrameworksBuildPhase section */
		AB21F1B61EB99499000AC7BB /* Frameworks */ = {
			isa = PBXFrameworksBuildPhase;
			buildActionMask = 2147483647;
			files = (
				8C3E23F98C49CAA061D6B3E2 /* Pods_InvolvistApp.framework in Frameworks */,
			);
			runOnlyForDeploymentPostprocessing = 0;
		};
/* End PBXFrameworksBuildPhase section */

/* Begin PBXGroup section */
		0D5B0C4A0EB94E9279E74097 /* Frameworks */ = {
			isa = PBXGroup;
			children = (
				BEFE78C6EFAA32D9D4DAC618 /* Pods_InvolvistApp.framework */,
			);
			name = Frameworks;
			sourceTree = "<group>";
		};
		33BB41BC5E1A34F2BA7F61D1 /* Pods */ = {
			isa = PBXGroup;
			children = (
				E375DEC1A7A53449A1196512 /* Pods-InvolvistApp.debug.xcconfig */,
				2176B88952D90FB15A06FEEC /* Pods-InvolvistApp.release.xcconfig */,
			);
			name = Pods;
			sourceTree = "<group>";
		};
		AB048F5E1EBFA14700A3F889 /* Localization */ = {
			isa = PBXGroup;
			children = (
				AB048F5F1EBFA16000A3F889 /* Localizable.strings */,
			);
			path = Localization;
			sourceTree = "<group>";
		};
		AB21F1B01EB99499000AC7BB = {
			isa = PBXGroup;
			children = (
				AB21F1BB1EB99499000AC7BB /* InvolvistApp */,
				AB21F1BA1EB99499000AC7BB /* Products */,
				33BB41BC5E1A34F2BA7F61D1 /* Pods */,
				0D5B0C4A0EB94E9279E74097 /* Frameworks */,
			);
			sourceTree = "<group>";
		};
		AB21F1BA1EB99499000AC7BB /* Products */ = {
			isa = PBXGroup;
			children = (
				AB21F1B91EB99499000AC7BB /* InvolvistApp.app */,
			);
			name = Products;
			sourceTree = "<group>";
		};
		AB21F1BB1EB99499000AC7BB /* InvolvistApp */ = {
			isa = PBXGroup;
			children = (
				ABCE348A1EC6C87D0018D57C /* Model */,
				ABCE34871EC6C7750018D57C /* ServiceAccessLayer */,
				AB048F5E1EBFA14700A3F889 /* Localization */,
				ABD78FB81EBCCFCB00E3D5CA /* Controls */,
				AB5393F81EB9956100A00C0B /* Theme */,
				AB5393F51EB9950F00A00C0B /* SignIn */,
				AB21F1BC1EB99499000AC7BB /* AppDelegate.swift */,
				AB21F1BE1EB99499000AC7BB /* RootNavigationController.swift */,
				AB21F1C01EB99499000AC7BB /* Main.storyboard */,
				AB21F1C31EB99499000AC7BB /* Assets.xcassets */,
				AB21F1C51EB99499000AC7BB /* LaunchScreen.storyboard */,
				AB21F1C81EB99499000AC7BB /* Info.plist */,
			);
			path = InvolvistApp;
			sourceTree = "<group>";
		};
		AB5393F51EB9950F00A00C0B /* SignIn */ = {
			isa = PBXGroup;
			children = (
				AB5393F61EB9952500A00C0B /* SignIn.storyboard */,
				ABD78FB61EBCBCFD00E3D5CA /* SignInViewController.swift */,
			);
			path = SignIn;
			sourceTree = "<group>";
		};
		AB5393F81EB9956100A00C0B /* Theme */ = {
			isa = PBXGroup;
			children = (
				AB5393F91EB9957700A00C0B /* Theme.swift */,
			);
			path = Theme;
			sourceTree = "<group>";
		};
		ABCE34871EC6C7750018D57C /* ServiceAccessLayer */ = {
			isa = PBXGroup;
			children = (
				ABCE34881EC6C7D90018D57C /* AuthService.swift */,
				ABCE348D1EC6CC1F0018D57C /* Authenticator.swift */,
			);
			path = ServiceAccessLayer;
			sourceTree = "<group>";
		};
		ABCE348A1EC6C87D0018D57C /* Model */ = {
			isa = PBXGroup;
			children = (
				ABCE348B1EC6C89D0018D57C /* User.swift */,
				ABF6C8411ED15B8500ED49BF /* AuthResponse.swift */,
			);
			path = Model;
			sourceTree = "<group>";
		};
		ABD78FB81EBCCFCB00E3D5CA /* Controls */ = {
			isa = PBXGroup;
			children = (
				ABD78FB91EBCD02500E3D5CA /* UnderlinedTextField.xib */,
				ABD78FBB1EBCD03300E3D5CA /* UnderlinedTextField.swift */,
				AB048F5C1EBD273900A3F889 /* WireframeButton.swift */,
			);
			path = Controls;
			sourceTree = "<group>";
		};
/* End PBXGroup section */

/* Begin PBXNativeTarget section */
		AB21F1B81EB99499000AC7BB /* InvolvistApp */ = {
			isa = PBXNativeTarget;
			buildConfigurationList = AB21F1CB1EB99499000AC7BB /* Build configuration list for PBXNativeTarget "InvolvistApp" */;
			buildPhases = (
				04A4D974764E9702968852FC /* [CP] Check Pods Manifest.lock */,
				AB21F1B51EB99499000AC7BB /* Sources */,
				AB21F1B61EB99499000AC7BB /* Frameworks */,
				AB21F1B71EB99499000AC7BB /* Resources */,
				A261B20A74ED559A4AE26658 /* [CP] Embed Pods Frameworks */,
				11980E1C34B6B04DE55E080E /* [CP] Copy Pods Resources */,
			);
			buildRules = (
			);
			dependencies = (
			);
			name = InvolvistApp;
			productName = InvolvistApp;
			productReference = AB21F1B91EB99499000AC7BB /* InvolvistApp.app */;
			productType = "com.apple.product-type.application";
		};
/* End PBXNativeTarget section */

/* Begin PBXProject section */
		AB21F1B11EB99499000AC7BB /* Project object */ = {
			isa = PBXProject;
			attributes = {
				LastSwiftUpdateCheck = 0830;
				LastUpgradeCheck = 0830;
				ORGANIZATIONNAME = Involvist;
				TargetAttributes = {
					AB21F1B81EB99499000AC7BB = {
						CreatedOnToolsVersion = 8.3.2;
						ProvisioningStyle = Automatic;
					};
				};
			};
			buildConfigurationList = AB21F1B41EB99499000AC7BB /* Build configuration list for PBXProject "InvolvistApp" */;
			compatibilityVersion = "Xcode 3.2";
			developmentRegion = English;
			hasScannedForEncodings = 0;
			knownRegions = (
				en,
				Base,
			);
			mainGroup = AB21F1B01EB99499000AC7BB;
			productRefGroup = AB21F1BA1EB99499000AC7BB /* Products */;
			projectDirPath = "";
			projectRoot = "";
			targets = (
				AB21F1B81EB99499000AC7BB /* InvolvistApp */,
			);
		};
/* End PBXProject section */

/* Begin PBXResourcesBuildPhase section */
		AB21F1B71EB99499000AC7BB /* Resources */ = {
			isa = PBXResourcesBuildPhase;
			buildActionMask = 2147483647;
			files = (
				AB5393F71EB9952500A00C0B /* SignIn.storyboard in Resources */,
				ABD78FBA1EBCD02500E3D5CA /* UnderlinedTextField.xib in Resources */,
				AB21F1C71EB99499000AC7BB /* LaunchScreen.storyboard in Resources */,
				AB21F1C41EB99499000AC7BB /* Assets.xcassets in Resources */,
				AB048F601EBFA16000A3F889 /* Localizable.strings in Resources */,
				AB21F1C21EB99499000AC7BB /* Main.storyboard in Resources */,
			);
			runOnlyForDeploymentPostprocessing = 0;
		};
/* End PBXResourcesBuildPhase section */

/* Begin PBXShellScriptBuildPhase section */
		04A4D974764E9702968852FC /* [CP] Check Pods Manifest.lock */ = {
			isa = PBXShellScriptBuildPhase;
			buildActionMask = 2147483647;
			files = (
			);
			inputPaths = (
			);
			name = "[CP] Check Pods Manifest.lock";
			outputPaths = (
			);
			runOnlyForDeploymentPostprocessing = 0;
			shellPath = /bin/sh;
			shellScript = "diff \"${PODS_PODFILE_DIR_PATH}/Podfile.lock\" \"${PODS_ROOT}/Manifest.lock\" > /dev/null\nif [ $? != 0 ] ; then\n    # print error to STDERR\n    echo \"error: The sandbox is not in sync with the Podfile.lock. Run 'pod install' or update your CocoaPods installation.\" >&2\n    exit 1\nfi\n";
			showEnvVarsInLog = 0;
		};
		11980E1C34B6B04DE55E080E /* [CP] Copy Pods Resources */ = {
			isa = PBXShellScriptBuildPhase;
			buildActionMask = 2147483647;
			files = (
			);
			inputPaths = (
			);
			name = "[CP] Copy Pods Resources";
			outputPaths = (
			);
			runOnlyForDeploymentPostprocessing = 0;
			shellPath = /bin/sh;
			shellScript = "\"${SRCROOT}/Pods/Target Support Files/Pods-InvolvistApp/Pods-InvolvistApp-resources.sh\"\n";
			showEnvVarsInLog = 0;
		};
		A261B20A74ED559A4AE26658 /* [CP] Embed Pods Frameworks */ = {
			isa = PBXShellScriptBuildPhase;
			buildActionMask = 2147483647;
			files = (
			);
			inputPaths = (
			);
			name = "[CP] Embed Pods Frameworks";
			outputPaths = (
			);
			runOnlyForDeploymentPostprocessing = 0;
			shellPath = /bin/sh;
			shellScript = "\"${SRCROOT}/Pods/Target Support Files/Pods-InvolvistApp/Pods-InvolvistApp-frameworks.sh\"\n";
			showEnvVarsInLog = 0;
		};
/* End PBXShellScriptBuildPhase section */

/* Begin PBXSourcesBuildPhase section */
		AB21F1B51EB99499000AC7BB /* Sources */ = {
			isa = PBXSourcesBuildPhase;
			buildActionMask = 2147483647;
			files = (
				ABD78FBC1EBCD03300E3D5CA /* UnderlinedTextField.swift in Sources */,
				ABD78FB71EBCBCFD00E3D5CA /* SignInViewController.swift in Sources */,
				AB048F5D1EBD273900A3F889 /* WireframeButton.swift in Sources */,
				AB5393FA1EB9957700A00C0B /* Theme.swift in Sources */,
				ABCE348C1EC6C89D0018D57C /* User.swift in Sources */,
				AB21F1BF1EB99499000AC7BB /* RootNavigationController.swift in Sources */,
				AB21F1BD1EB99499000AC7BB /* AppDelegate.swift in Sources */,
				ABCE34891EC6C7D90018D57C /* AuthService.swift in Sources */,
				ABF6C8421ED15B8500ED49BF /* AuthResponse.swift in Sources */,
				ABCE348E1EC6CC1F0018D57C /* Authenticator.swift in Sources */,
			);
			runOnlyForDeploymentPostprocessing = 0;
		};
/* End PBXSourcesBuildPhase section */

/* Begin PBXVariantGroup section */
		AB21F1C01EB99499000AC7BB /* Main.storyboard */ = {
			isa = PBXVariantGroup;
			children = (
				AB21F1C11EB99499000AC7BB /* Base */,
			);
			name = Main.storyboard;
			sourceTree = "<group>";
		};
		AB21F1C51EB99499000AC7BB /* LaunchScreen.storyboard */ = {
			isa = PBXVariantGroup;
			children = (
				AB21F1C61EB99499000AC7BB /* Base */,
			);
			name = LaunchScreen.storyboard;
			sourceTree = "<group>";
		};
/* End PBXVariantGroup section */

/* Begin XCBuildConfiguration section */
		AB21F1C91EB99499000AC7BB /* Debug */ = {
			isa = XCBuildConfiguration;
			buildSettings = {
				ALWAYS_SEARCH_USER_PATHS = NO;
				CLANG_ANALYZER_NONNULL = YES;
				CLANG_ANALYZER_NUMBER_OBJECT_CONVERSION = YES_AGGRESSIVE;
				CLANG_CXX_LANGUAGE_STANDARD = "gnu++0x";
				CLANG_CXX_LIBRARY = "libc++";
				CLANG_ENABLE_MODULES = YES;
				CLANG_ENABLE_OBJC_ARC = YES;
				CLANG_WARN_BOOL_CONVERSION = YES;
				CLANG_WARN_CONSTANT_CONVERSION = YES;
				CLANG_WARN_DIRECT_OBJC_ISA_USAGE = YES_ERROR;
				CLANG_WARN_DOCUMENTATION_COMMENTS = YES;
				CLANG_WARN_EMPTY_BODY = YES;
				CLANG_WARN_ENUM_CONVERSION = YES;
				CLANG_WARN_INFINITE_RECURSION = YES;
				CLANG_WARN_INT_CONVERSION = YES;
				CLANG_WARN_OBJC_ROOT_CLASS = YES_ERROR;
				CLANG_WARN_SUSPICIOUS_MOVE = YES;
				CLANG_WARN_UNREACHABLE_CODE = YES;
				CLANG_WARN__DUPLICATE_METHOD_MATCH = YES;
				"CODE_SIGN_IDENTITY[sdk=iphoneos*]" = "iPhone Developer";
				COPY_PHASE_STRIP = NO;
				DEBUG_INFORMATION_FORMAT = dwarf;
				ENABLE_STRICT_OBJC_MSGSEND = YES;
				ENABLE_TESTABILITY = YES;
				GCC_C_LANGUAGE_STANDARD = gnu99;
				GCC_DYNAMIC_NO_PIC = NO;
				GCC_NO_COMMON_BLOCKS = YES;
				GCC_OPTIMIZATION_LEVEL = 0;
				GCC_PREPROCESSOR_DEFINITIONS = (
					"DEBUG=1",
					"$(inherited)",
				);
				GCC_WARN_64_TO_32_BIT_CONVERSION = YES;
				GCC_WARN_ABOUT_RETURN_TYPE = YES_ERROR;
				GCC_WARN_UNDECLARED_SELECTOR = YES;
				GCC_WARN_UNINITIALIZED_AUTOS = YES_AGGRESSIVE;
				GCC_WARN_UNUSED_FUNCTION = YES;
				GCC_WARN_UNUSED_VARIABLE = YES;
				IPHONEOS_DEPLOYMENT_TARGET = 10.3;
				MTL_ENABLE_DEBUG_INFO = YES;
				ONLY_ACTIVE_ARCH = YES;
				SDKROOT = iphoneos;
				SWIFT_ACTIVE_COMPILATION_CONDITIONS = DEBUG;
				SWIFT_OPTIMIZATION_LEVEL = "-Onone";
				TARGETED_DEVICE_FAMILY = "1,2";
			};
			name = Debug;
		};
		AB21F1CA1EB99499000AC7BB /* Release */ = {
			isa = XCBuildConfiguration;
			buildSettings = {
				ALWAYS_SEARCH_USER_PATHS = NO;
				CLANG_ANALYZER_NONNULL = YES;
				CLANG_ANALYZER_NUMBER_OBJECT_CONVERSION = YES_AGGRESSIVE;
				CLANG_CXX_LANGUAGE_STANDARD = "gnu++0x";
				CLANG_CXX_LIBRARY = "libc++";
				CLANG_ENABLE_MODULES = YES;
				CLANG_ENABLE_OBJC_ARC = YES;
				CLANG_WARN_BOOL_CONVERSION = YES;
				CLANG_WARN_CONSTANT_CONVERSION = YES;
				CLANG_WARN_DIRECT_OBJC_ISA_USAGE = YES_ERROR;
				CLANG_WARN_DOCUMENTATION_COMMENTS = YES;
				CLANG_WARN_EMPTY_BODY = YES;
				CLANG_WARN_ENUM_CONVERSION = YES;
				CLANG_WARN_INFINITE_RECURSION = YES;
				CLANG_WARN_INT_CONVERSION = YES;
				CLANG_WARN_OBJC_ROOT_CLASS = YES_ERROR;
				CLANG_WARN_SUSPICIOUS_MOVE = YES;
				CLANG_WARN_UNREACHABLE_CODE = YES;
				CLANG_WARN__DUPLICATE_METHOD_MATCH = YES;
				"CODE_SIGN_IDENTITY[sdk=iphoneos*]" = "iPhone Developer";
				COPY_PHASE_STRIP = NO;
				DEBUG_INFORMATION_FORMAT = "dwarf-with-dsym";
				ENABLE_NS_ASSERTIONS = NO;
				ENABLE_STRICT_OBJC_MSGSEND = YES;
				GCC_C_LANGUAGE_STANDARD = gnu99;
				GCC_NO_COMMON_BLOCKS = YES;
				GCC_WARN_64_TO_32_BIT_CONVERSION = YES;
				GCC_WARN_ABOUT_RETURN_TYPE = YES_ERROR;
				GCC_WARN_UNDECLARED_SELECTOR = YES;
				GCC_WARN_UNINITIALIZED_AUTOS = YES_AGGRESSIVE;
				GCC_WARN_UNUSED_FUNCTION = YES;
				GCC_WARN_UNUSED_VARIABLE = YES;
				IPHONEOS_DEPLOYMENT_TARGET = 10.3;
				MTL_ENABLE_DEBUG_INFO = NO;
				SDKROOT = iphoneos;
				SWIFT_OPTIMIZATION_LEVEL = "-Owholemodule";
				TARGETED_DEVICE_FAMILY = "1,2";
				VALIDATE_PRODUCT = YES;
			};
			name = Release;
		};
		AB21F1CC1EB99499000AC7BB /* Debug */ = {
			isa = XCBuildConfiguration;
			baseConfigurationReference = E375DEC1A7A53449A1196512 /* Pods-InvolvistApp.debug.xcconfig */;
			buildSettings = {
				ASSETCATALOG_COMPILER_APPICON_NAME = AppIcon;
				INFOPLIST_FILE = InvolvistApp/Info.plist;
				LD_RUNPATH_SEARCH_PATHS = "$(inherited) @executable_path/Frameworks";
				PRODUCT_BUNDLE_IDENTIFIER = com.involvist.InvolvistApp;
				PRODUCT_NAME = "$(TARGET_NAME)";
				SWIFT_VERSION = 3.0;
			};
			name = Debug;
		};
		AB21F1CD1EB99499000AC7BB /* Release */ = {
			isa = XCBuildConfiguration;
			baseConfigurationReference = 2176B88952D90FB15A06FEEC /* Pods-InvolvistApp.release.xcconfig */;
			buildSettings = {
				ASSETCATALOG_COMPILER_APPICON_NAME = AppIcon;
				INFOPLIST_FILE = InvolvistApp/Info.plist;
				LD_RUNPATH_SEARCH_PATHS = "$(inherited) @executable_path/Frameworks";
				PRODUCT_BUNDLE_IDENTIFIER = com.involvist.InvolvistApp;
				PRODUCT_NAME = "$(TARGET_NAME)";
				SWIFT_VERSION = 3.0;
			};
			name = Release;
		};
/* End XCBuildConfiguration section */

/* Begin XCConfigurationList section */
		AB21F1B41EB99499000AC7BB /* Build configuration list for PBXProject "InvolvistApp" */ = {
			isa = XCConfigurationList;
			buildConfigurations = (
				AB21F1C91EB99499000AC7BB /* Debug */,
				AB21F1CA1EB99499000AC7BB /* Release */,
			);
			defaultConfigurationIsVisible = 0;
			defaultConfigurationName = Release;
		};
		AB21F1CB1EB99499000AC7BB /* Build configuration list for PBXNativeTarget "InvolvistApp" */ = {
			isa = XCConfigurationList;
			buildConfigurations = (
				AB21F1CC1EB99499000AC7BB /* Debug */,
				AB21F1CD1EB99499000AC7BB /* Release */,
			);
			defaultConfigurationIsVisible = 0;
			defaultConfigurationName = Release;
		};
/* End XCConfigurationList section */
	};
	rootObject = AB21F1B11EB99499000AC7BB /* Project object */;
}
