// !$*UTF8*$!
{
	archiveVersion = 1;
	classes = {
	};
	objectVersion = 46;
	objects = {

/* Begin PBXBuildFile section */
		8C3E23F98C49CAA061D6B3E2 /* Pods_InvolvistApp.framework in Frameworks */ = {isa = PBXBuildFile; fileRef = BEFE78C6EFAA32D9D4DAC618 /* Pods_InvolvistApp.framework */; };
		AB048F5D1EBD273900A3F889 /* WireframeButton.swift in Sources */ = {isa = PBXBuildFile; fileRef = AB048F5C1EBD273900A3F889 /* WireframeButton.swift */; };
		AB048F601EBFA16000A3F889 /* Localizable.strings in Resources */ = {isa = PBXBuildFile; fileRef = AB048F5F1EBFA16000A3F889 /* Localizable.strings */; };
		AB21F1BD1EB99499000AC7BB /* AppDelegate.swift in Sources */ = {isa = PBXBuildFile; fileRef = AB21F1BC1EB99499000AC7BB /* AppDelegate.swift */; };
		AB21F1BF1EB99499000AC7BB /* RootNavigationController.swift in Sources */ = {isa = PBXBuildFile; fileRef = AB21F1BE1EB99499000AC7BB /* RootNavigationController.swift */; };
		AB21F1C21EB99499000AC7BB /* Main.storyboard in Resources */ = {isa = PBXBuildFile; fileRef = AB21F1C01EB99499000AC7BB /* Main.storyboard */; };
		AB21F1C41EB99499000AC7BB /* Assets.xcassets in Resources */ = {isa = PBXBuildFile; fileRef = AB21F1C31EB99499000AC7BB /* Assets.xcassets */; };
		AB21F1C71EB99499000AC7BB /* LaunchScreen.storyboard in Resources */ = {isa = PBXBuildFile; fileRef = AB21F1C51EB99499000AC7BB /* LaunchScreen.storyboard */; };
		AB28F5EC1EEE57CD00D2E756 /* Fonts.swift in Sources */ = {isa = PBXBuildFile; fileRef = AB28F5EB1EEE57CD00D2E756 /* Fonts.swift */; };
		AB5223AE1ED67E94006D9CB2 /* UserServiceDelegate.swift in Sources */ = {isa = PBXBuildFile; fileRef = AB5223AD1ED67E94006D9CB2 /* UserServiceDelegate.swift */; };
		AB5223B01ED67F02006D9CB2 /* UserService.swift in Sources */ = {isa = PBXBuildFile; fileRef = AB5223AF1ED67F02006D9CB2 /* UserService.swift */; };
		AB5223B21ED67FA4006D9CB2 /* ApiEndpoint.swift in Sources */ = {isa = PBXBuildFile; fileRef = AB5223B11ED67FA4006D9CB2 /* ApiEndpoint.swift */; };
		AB5223B41ED68F47006D9CB2 /* ContentType.swift in Sources */ = {isa = PBXBuildFile; fileRef = AB5223B31ED68F47006D9CB2 /* ContentType.swift */; };
		AB5223B81EDBDA1D006D9CB2 /* Popover.swift in Sources */ = {isa = PBXBuildFile; fileRef = AB5223B71EDBDA1D006D9CB2 /* Popover.swift */; };
		AB5223BA1EDBDA58006D9CB2 /* PopoverView.xib in Resources */ = {isa = PBXBuildFile; fileRef = AB5223B91EDBDA58006D9CB2 /* PopoverView.xib */; };
		AB5223BC1EDBDCA1006D9CB2 /* PopoverView.swift in Sources */ = {isa = PBXBuildFile; fileRef = AB5223BB1EDBDCA1006D9CB2 /* PopoverView.swift */; };
		AB5223BE1EDBE5B8006D9CB2 /* ClientServiceResponse.swift in Sources */ = {isa = PBXBuildFile; fileRef = AB5223BD1EDBE5B8006D9CB2 /* ClientServiceResponse.swift */; };
		AB5223C01EDD3C73006D9CB2 /* UIView+Extensions.swift in Sources */ = {isa = PBXBuildFile; fileRef = AB5223BF1EDD3C73006D9CB2 /* UIView+Extensions.swift */; };
		AB5393F71EB9952500A00C0B /* SignIn.storyboard in Resources */ = {isa = PBXBuildFile; fileRef = AB5393F61EB9952500A00C0B /* SignIn.storyboard */; };
		AB5393FA1EB9957700A00C0B /* Theme.swift in Sources */ = {isa = PBXBuildFile; fileRef = AB5393F91EB9957700A00C0B /* Theme.swift */; };
		ABCDDB901EFE251600C7B2BA /* Text.swift in Sources */ = {isa = PBXBuildFile; fileRef = ABCDDB8F1EFE251600C7B2BA /* Text.swift */; };
		ABCDDB921EFE281600C7B2BA /* String+Extensions.swift in Sources */ = {isa = PBXBuildFile; fileRef = ABCDDB911EFE281600C7B2BA /* String+Extensions.swift */; };
		ABCE34891EC6C7D90018D57C /* AuthServiceDelegate.swift in Sources */ = {isa = PBXBuildFile; fileRef = ABCE34881EC6C7D90018D57C /* AuthServiceDelegate.swift */; };
		ABCE348C1EC6C89D0018D57C /* User.swift in Sources */ = {isa = PBXBuildFile; fileRef = ABCE348B1EC6C89D0018D57C /* User.swift */; };
		ABCE348E1EC6CC1F0018D57C /* AuthenticationService.swift in Sources */ = {isa = PBXBuildFile; fileRef = ABCE348D1EC6CC1F0018D57C /* AuthenticationService.swift */; };
		ABD14FB01ED3E108005E6062 /* SignUpViewController.swift in Sources */ = {isa = PBXBuildFile; fileRef = ABD14FAF1ED3E108005E6062 /* SignUpViewController.swift */; };
		ABD14FB31ED3EA9D005E6062 /* LocalNavigationDelegate.swift in Sources */ = {isa = PBXBuildFile; fileRef = ABD14FB21ED3EA9D005E6062 /* LocalNavigationDelegate.swift */; };
		ABD14FB51ED3EB00005E6062 /* DestinationView.swift in Sources */ = {isa = PBXBuildFile; fileRef = ABD14FB41ED3EB00005E6062 /* DestinationView.swift */; };
		ABD14FB71ED3EBBA005E6062 /* RootNavigationController+LocalNavigationDelegate.swift in Sources */ = {isa = PBXBuildFile; fileRef = ABD14FB61ED3EBBA005E6062 /* RootNavigationController+LocalNavigationDelegate.swift */; };
		ABD78FB71EBCBCFD00E3D5CA /* SignInViewController.swift in Sources */ = {isa = PBXBuildFile; fileRef = ABD78FB61EBCBCFD00E3D5CA /* SignInViewController.swift */; };
		ABD78FBA1EBCD02500E3D5CA /* UnderlinedTextField.xib in Resources */ = {isa = PBXBuildFile; fileRef = ABD78FB91EBCD02500E3D5CA /* UnderlinedTextField.xib */; };
		ABD78FBC1EBCD03300E3D5CA /* UnderlinedTextField.swift in Sources */ = {isa = PBXBuildFile; fileRef = ABD78FBB1EBCD03300E3D5CA /* UnderlinedTextField.swift */; };
		ABF6C8421ED15B8500ED49BF /* AuthResponse.swift in Sources */ = {isa = PBXBuildFile; fileRef = ABF6C8411ED15B8500ED49BF /* AuthResponse.swift */; };
		ABFF86B51EE1B642005C9032 /* SignUpPageViewController.swift in Sources */ = {isa = PBXBuildFile; fileRef = ABFF86B41EE1B642005C9032 /* SignUpPageViewController.swift */; };
		ABFF86B71EE1B710005C9032 /* SignUpPageDataSource.swift in Sources */ = {isa = PBXBuildFile; fileRef = ABFF86B61EE1B710005C9032 /* SignUpPageDataSource.swift */; };
		ABFF86B91EE1C494005C9032 /* SignUpProgressDelegate.swift in Sources */ = {isa = PBXBuildFile; fileRef = ABFF86B81EE1C494005C9032 /* SignUpProgressDelegate.swift */; };
		ABFF86BD1EE264DF005C9032 /* SignUpLocatorViewController.swift in Sources */ = {isa = PBXBuildFile; fileRef = ABFF86BC1EE264DF005C9032 /* SignUpLocatorViewController.swift */; };
/* End PBXBuildFile section */

/* Begin PBXFileReference section */
		2176B88952D90FB15A06FEEC /* Pods-InvolvistApp.release.xcconfig */ = {isa = PBXFileReference; includeInIndex = 1; lastKnownFileType = text.xcconfig; name = "Pods-InvolvistApp.release.xcconfig"; path = "Pods/Target Support Files/Pods-InvolvistApp/Pods-InvolvistApp.release.xcconfig"; sourceTree = "<group>"; };
		AB048F5C1EBD273900A3F889 /* WireframeButton.swift */ = {isa = PBXFileReference; fileEncoding = 4; lastKnownFileType = sourcecode.swift; path = WireframeButton.swift; sourceTree = "<group>"; };
		AB048F5F1EBFA16000A3F889 /* Localizable.strings */ = {isa = PBXFileReference; fileEncoding = 4; lastKnownFileType = text.plist.strings; path = Localizable.strings; sourceTree = "<group>"; };
		AB21F1B91EB99499000AC7BB /* InvolvistApp.app */ = {isa = PBXFileReference; explicitFileType = wrapper.application; includeInIndex = 0; path = InvolvistApp.app; sourceTree = BUILT_PRODUCTS_DIR; };
		AB21F1BC1EB99499000AC7BB /* AppDelegate.swift */ = {isa = PBXFileReference; lastKnownFileType = sourcecode.swift; path = AppDelegate.swift; sourceTree = "<group>"; };
		AB21F1BE1EB99499000AC7BB /* RootNavigationController.swift */ = {isa = PBXFileReference; lastKnownFileType = sourcecode.swift; name = RootNavigationController.swift; path = ../RootNavigationController.swift; sourceTree = "<group>"; };
		AB21F1C11EB99499000AC7BB /* Base */ = {isa = PBXFileReference; lastKnownFileType = file.storyboard; name = Base; path = Base.lproj/Main.storyboard; sourceTree = "<group>"; };
		AB21F1C31EB99499000AC7BB /* Assets.xcassets */ = {isa = PBXFileReference; lastKnownFileType = folder.assetcatalog; path = Assets.xcassets; sourceTree = "<group>"; };
		AB21F1C61EB99499000AC7BB /* Base */ = {isa = PBXFileReference; lastKnownFileType = file.storyboard; name = Base; path = Base.lproj/LaunchScreen.storyboard; sourceTree = "<group>"; };
		AB21F1C81EB99499000AC7BB /* Info.plist */ = {isa = PBXFileReference; lastKnownFileType = text.plist.xml; path = Info.plist; sourceTree = "<group>"; };
		AB28F5EB1EEE57CD00D2E756 /* Fonts.swift */ = {isa = PBXFileReference; lastKnownFileType = sourcecode.swift; path = Fonts.swift; sourceTree = "<group>"; };
		AB5223AD1ED67E94006D9CB2 /* UserServiceDelegate.swift */ = {isa = PBXFileReference; fileEncoding = 4; lastKnownFileType = sourcecode.swift; path = UserServiceDelegate.swift; sourceTree = "<group>"; };
		AB5223AF1ED67F02006D9CB2 /* UserService.swift */ = {isa = PBXFileReference; fileEncoding = 4; lastKnownFileType = sourcecode.swift; path = UserService.swift; sourceTree = "<group>"; };
		AB5223B11ED67FA4006D9CB2 /* ApiEndpoint.swift */ = {isa = PBXFileReference; fileEncoding = 4; lastKnownFileType = sourcecode.swift; path = ApiEndpoint.swift; sourceTree = "<group>"; };
		AB5223B31ED68F47006D9CB2 /* ContentType.swift */ = {isa = PBXFileReference; fileEncoding = 4; lastKnownFileType = sourcecode.swift; path = ContentType.swift; sourceTree = "<group>"; };
		AB5223B71EDBDA1D006D9CB2 /* Popover.swift */ = {isa = PBXFileReference; fileEncoding = 4; lastKnownFileType = sourcecode.swift; path = Popover.swift; sourceTree = "<group>"; };
		AB5223B91EDBDA58006D9CB2 /* PopoverView.xib */ = {isa = PBXFileReference; fileEncoding = 4; lastKnownFileType = file.xib; path = PopoverView.xib; sourceTree = "<group>"; };
		AB5223BB1EDBDCA1006D9CB2 /* PopoverView.swift */ = {isa = PBXFileReference; fileEncoding = 4; lastKnownFileType = sourcecode.swift; path = PopoverView.swift; sourceTree = "<group>"; };
		AB5223BD1EDBE5B8006D9CB2 /* ClientServiceResponse.swift */ = {isa = PBXFileReference; fileEncoding = 4; lastKnownFileType = sourcecode.swift; path = ClientServiceResponse.swift; sourceTree = "<group>"; };
		AB5223BF1EDD3C73006D9CB2 /* UIView+Extensions.swift */ = {isa = PBXFileReference; fileEncoding = 4; lastKnownFileType = sourcecode.swift; path = "UIView+Extensions.swift"; sourceTree = "<group>"; };
		AB5393F61EB9952500A00C0B /* SignIn.storyboard */ = {isa = PBXFileReference; fileEncoding = 4; lastKnownFileType = file.storyboard; path = SignIn.storyboard; sourceTree = "<group>"; };
		AB5393F91EB9957700A00C0B /* Theme.swift */ = {isa = PBXFileReference; fileEncoding = 4; lastKnownFileType = sourcecode.swift; path = Theme.swift; sourceTree = "<group>"; };
		ABCDDB8F1EFE251600C7B2BA /* Text.swift */ = {isa = PBXFileReference; lastKnownFileType = sourcecode.swift; path = Text.swift; sourceTree = "<group>"; };
		ABCDDB911EFE281600C7B2BA /* String+Extensions.swift */ = {isa = PBXFileReference; lastKnownFileType = sourcecode.swift; path = "String+Extensions.swift"; sourceTree = "<group>"; };
		ABCE34881EC6C7D90018D57C /* AuthServiceDelegate.swift */ = {isa = PBXFileReference; fileEncoding = 4; lastKnownFileType = sourcecode.swift; path = AuthServiceDelegate.swift; sourceTree = "<group>"; };
		ABCE348B1EC6C89D0018D57C /* User.swift */ = {isa = PBXFileReference; fileEncoding = 4; lastKnownFileType = sourcecode.swift; path = User.swift; sourceTree = "<group>"; };
		ABCE348D1EC6CC1F0018D57C /* AuthenticationService.swift */ = {isa = PBXFileReference; fileEncoding = 4; lastKnownFileType = sourcecode.swift; path = AuthenticationService.swift; sourceTree = "<group>"; };
		ABD14FAF1ED3E108005E6062 /* SignUpViewController.swift */ = {isa = PBXFileReference; fileEncoding = 4; lastKnownFileType = sourcecode.swift; path = SignUpViewController.swift; sourceTree = "<group>"; };
		ABD14FB21ED3EA9D005E6062 /* LocalNavigationDelegate.swift */ = {isa = PBXFileReference; fileEncoding = 4; lastKnownFileType = sourcecode.swift; path = LocalNavigationDelegate.swift; sourceTree = "<group>"; };
		ABD14FB41ED3EB00005E6062 /* DestinationView.swift */ = {isa = PBXFileReference; fileEncoding = 4; lastKnownFileType = sourcecode.swift; path = DestinationView.swift; sourceTree = "<group>"; };
		ABD14FB61ED3EBBA005E6062 /* RootNavigationController+LocalNavigationDelegate.swift */ = {isa = PBXFileReference; fileEncoding = 4; lastKnownFileType = sourcecode.swift; name = "RootNavigationController+LocalNavigationDelegate.swift"; path = "../RootNavigationController+LocalNavigationDelegate.swift"; sourceTree = "<group>"; };
		ABD78FB61EBCBCFD00E3D5CA /* SignInViewController.swift */ = {isa = PBXFileReference; fileEncoding = 4; lastKnownFileType = sourcecode.swift; path = SignInViewController.swift; sourceTree = "<group>"; };
		ABD78FB91EBCD02500E3D5CA /* UnderlinedTextField.xib */ = {isa = PBXFileReference; fileEncoding = 4; lastKnownFileType = file.xib; path = UnderlinedTextField.xib; sourceTree = "<group>"; };
		ABD78FBB1EBCD03300E3D5CA /* UnderlinedTextField.swift */ = {isa = PBXFileReference; fileEncoding = 4; lastKnownFileType = sourcecode.swift; path = UnderlinedTextField.swift; sourceTree = "<group>"; };
		ABF6C8411ED15B8500ED49BF /* AuthResponse.swift */ = {isa = PBXFileReference; fileEncoding = 4; lastKnownFileType = sourcecode.swift; path = AuthResponse.swift; sourceTree = "<group>"; };
		ABFF86B41EE1B642005C9032 /* SignUpPageViewController.swift */ = {isa = PBXFileReference; fileEncoding = 4; lastKnownFileType = sourcecode.swift; path = SignUpPageViewController.swift; sourceTree = "<group>"; };
		ABFF86B61EE1B710005C9032 /* SignUpPageDataSource.swift */ = {isa = PBXFileReference; fileEncoding = 4; lastKnownFileType = sourcecode.swift; path = SignUpPageDataSource.swift; sourceTree = "<group>"; };
		ABFF86B81EE1C494005C9032 /* SignUpProgressDelegate.swift */ = {isa = PBXFileReference; fileEncoding = 4; lastKnownFileType = sourcecode.swift; path = SignUpProgressDelegate.swift; sourceTree = "<group>"; };
		ABFF86BC1EE264DF005C9032 /* SignUpLocatorViewController.swift */ = {isa = PBXFileReference; fileEncoding = 4; lastKnownFileType = sourcecode.swift; path = SignUpLocatorViewController.swift; sourceTree = "<group>"; };
		BEFE78C6EFAA32D9D4DAC618 /* Pods_InvolvistApp.framework */ = {isa = PBXFileReference; explicitFileType = wrapper.framework; includeInIndex = 0; path = Pods_InvolvistApp.framework; sourceTree = BUILT_PRODUCTS_DIR; };
		E375DEC1A7A53449A1196512 /* Pods-InvolvistApp.debug.xcconfig */ = {isa = PBXFileReference; includeInIndex = 1; lastKnownFileType = text.xcconfig; name = "Pods-InvolvistApp.debug.xcconfig"; path = "Pods/Target Support Files/Pods-InvolvistApp/Pods-InvolvistApp.debug.xcconfig"; sourceTree = "<group>"; };
/* End PBXFileReference section */

/* Begin PBXFrameworksBuildPhase section */
		AB21F1B61EB99499000AC7BB /* Frameworks */ = {
			isa = PBXFrameworksBuildPhase;
			buildActionMask = 2147483647;
			files = (
				8C3E23F98C49CAA061D6B3E2 /* Pods_InvolvistApp.framework in Frameworks */,
			);
			runOnlyForDeploymentPostprocessing = 0;
		};
/* End PBXFrameworksBuildPhase section */

/* Begin PBXGroup section */
		0D5B0C4A0EB94E9279E74097 /* Frameworks */ = {
			isa = PBXGroup;
			children = (
				BEFE78C6EFAA32D9D4DAC618 /* Pods_InvolvistApp.framework */,
			);
			name = Frameworks;
			sourceTree = "<group>";
		};
		33BB41BC5E1A34F2BA7F61D1 /* Pods */ = {
			isa = PBXGroup;
			children = (
				E375DEC1A7A53449A1196512 /* Pods-InvolvistApp.debug.xcconfig */,
				2176B88952D90FB15A06FEEC /* Pods-InvolvistApp.release.xcconfig */,
			);
			name = Pods;
			sourceTree = "<group>";
		};
		AB032E101ED4000B0043B05D /* Extensions */ = {
			isa = PBXGroup;
			children = (
				AB5223BF1EDD3C73006D9CB2 /* UIView+Extensions.swift */,
				ABCDDB911EFE281600C7B2BA /* String+Extensions.swift */,
			);
			path = Extensions;
			sourceTree = "<group>";
		};
		AB048F5E1EBFA14700A3F889 /* Localization */ = {
			isa = PBXGroup;
			children = (
				AB048F5F1EBFA16000A3F889 /* Localizable.strings */,
			);
			path = Localization;
			sourceTree = "<group>";
		};
		AB21F1B01EB99499000AC7BB = {
			isa = PBXGroup;
			children = (
				AB21F1BB1EB99499000AC7BB /* InvolvistApp */,
				AB21F1BA1EB99499000AC7BB /* Products */,
				33BB41BC5E1A34F2BA7F61D1 /* Pods */,
				0D5B0C4A0EB94E9279E74097 /* Frameworks */,
			);
			sourceTree = "<group>";
		};
		AB21F1BA1EB99499000AC7BB /* Products */ = {
			isa = PBXGroup;
			children = (
				AB21F1B91EB99499000AC7BB /* InvolvistApp.app */,
			);
			name = Products;
			sourceTree = "<group>";
		};
		AB21F1BB1EB99499000AC7BB /* InvolvistApp */ = {
			isa = PBXGroup;
			children = (
				AB5223B61EDBDA08006D9CB2 /* Popover */,
				AB032E101ED4000B0043B05D /* Extensions */,
				ABD14FB11ED3EA6D005E6062 /* Navigation */,
				ABCE348A1EC6C87D0018D57C /* Model */,
				ABCE34871EC6C7750018D57C /* ServiceAccessLayer */,
				AB048F5E1EBFA14700A3F889 /* Localization */,
				ABD78FB81EBCCFCB00E3D5CA /* Controls */,
				AB5393F81EB9956100A00C0B /* Theme */,
				AB5393F51EB9950F00A00C0B /* SignIn */,
				AB21F1BC1EB99499000AC7BB /* AppDelegate.swift */,
				AB21F1C01EB99499000AC7BB /* Main.storyboard */,
				AB21F1C31EB99499000AC7BB /* Assets.xcassets */,
				AB21F1C51EB99499000AC7BB /* LaunchScreen.storyboard */,
				AB21F1C81EB99499000AC7BB /* Info.plist */,
			);
			path = InvolvistApp;
			sourceTree = "<group>";
		};
		AB5223B61EDBDA08006D9CB2 /* Popover */ = {
			isa = PBXGroup;
			children = (
				AB5223B71EDBDA1D006D9CB2 /* Popover.swift */,
				AB5223B91EDBDA58006D9CB2 /* PopoverView.xib */,
				AB5223BB1EDBDCA1006D9CB2 /* PopoverView.swift */,
			);
			path = Popover;
			sourceTree = "<group>";
		};
		AB5393F51EB9950F00A00C0B /* SignIn */ = {
			isa = PBXGroup;
			children = (
				AB5393F61EB9952500A00C0B /* SignIn.storyboard */,
				ABD78FB61EBCBCFD00E3D5CA /* SignInViewController.swift */,
				ABD14FAF1ED3E108005E6062 /* SignUpViewController.swift */,
				ABFF86B41EE1B642005C9032 /* SignUpPageViewController.swift */,
				ABFF86B61EE1B710005C9032 /* SignUpPageDataSource.swift */,
				ABFF86B81EE1C494005C9032 /* SignUpProgressDelegate.swift */,
				ABFF86BC1EE264DF005C9032 /* SignUpLocatorViewController.swift */,
			);
			path = SignIn;
			sourceTree = "<group>";
		};
		AB5393F81EB9956100A00C0B /* Theme */ = {
			isa = PBXGroup;
			children = (
				AB5393F91EB9957700A00C0B /* Theme.swift */,
				AB28F5EB1EEE57CD00D2E756 /* Fonts.swift */,
				ABCDDB8F1EFE251600C7B2BA /* Text.swift */,
			);
			path = Theme;
			sourceTree = "<group>";
		};
		ABCE34871EC6C7750018D57C /* ServiceAccessLayer */ = {
			isa = PBXGroup;
			children = (
				ABCE34881EC6C7D90018D57C /* AuthServiceDelegate.swift */,
				ABCE348D1EC6CC1F0018D57C /* AuthenticationService.swift */,
				AB5223AD1ED67E94006D9CB2 /* UserServiceDelegate.swift */,
				AB5223AF1ED67F02006D9CB2 /* UserService.swift */,
				AB5223B11ED67FA4006D9CB2 /* ApiEndpoint.swift */,
				AB5223B31ED68F47006D9CB2 /* ContentType.swift */,
			);
			path = ServiceAccessLayer;
			sourceTree = "<group>";
		};
		ABCE348A1EC6C87D0018D57C /* Model */ = {
			isa = PBXGroup;
			children = (
				ABCE348B1EC6C89D0018D57C /* User.swift */,
				ABF6C8411ED15B8500ED49BF /* AuthResponse.swift */,
				AB5223BD1EDBE5B8006D9CB2 /* ClientServiceResponse.swift */,
			);
			path = Model;
			sourceTree = "<group>";
		};
		ABD14FB11ED3EA6D005E6062 /* Navigation */ = {
			isa = PBXGroup;
			children = (
				ABD14FB21ED3EA9D005E6062 /* LocalNavigationDelegate.swift */,
				ABD14FB41ED3EB00005E6062 /* DestinationView.swift */,
				AB21F1BE1EB99499000AC7BB /* RootNavigationController.swift */,
				ABD14FB61ED3EBBA005E6062 /* RootNavigationController+LocalNavigationDelegate.swift */,
			);
			path = Navigation;
			sourceTree = "<group>";
		};
		ABD78FB81EBCCFCB00E3D5CA /* Controls */ = {
			isa = PBXGroup;
			children = (
				ABD78FB91EBCD02500E3D5CA /* UnderlinedTextField.xib */,
				ABD78FBB1EBCD03300E3D5CA /* UnderlinedTextField.swift */,
				AB048F5C1EBD273900A3F889 /* WireframeButton.swift */,
			);
			path = Controls;
			sourceTree = "<group>";
		};
/* End PBXGroup section */

/* Begin PBXNativeTarget section */
		AB21F1B81EB99499000AC7BB /* InvolvistApp */ = {
			isa = PBXNativeTarget;
			buildConfigurationList = AB21F1CB1EB99499000AC7BB /* Build configuration list for PBXNativeTarget "InvolvistApp" */;
			buildPhases = (
				04A4D974764E9702968852FC /* [CP] Check Pods Manifest.lock */,
				AB21F1B51EB99499000AC7BB /* Sources */,
				AB21F1B61EB99499000AC7BB /* Frameworks */,
				AB21F1B71EB99499000AC7BB /* Resources */,
				A261B20A74ED559A4AE26658 /* [CP] Embed Pods Frameworks */,
				11980E1C34B6B04DE55E080E /* [CP] Copy Pods Resources */,
			);
			buildRules = (
			);
			dependencies = (
			);
			name = InvolvistApp;
			productName = InvolvistApp;
			productReference = AB21F1B91EB99499000AC7BB /* InvolvistApp.app */;
			productType = "com.apple.product-type.application";
		};
/* End PBXNativeTarget section */

/* Begin PBXProject section */
		AB21F1B11EB99499000AC7BB /* Project object */ = {
			isa = PBXProject;
			attributes = {
				LastSwiftUpdateCheck = 0830;
				LastUpgradeCheck = 0830;
				ORGANIZATIONNAME = Involvist;
				TargetAttributes = {
					AB21F1B81EB99499000AC7BB = {
						CreatedOnToolsVersion = 8.3.2;
						ProvisioningStyle = Automatic;
					};
				};
			};
			buildConfigurationList = AB21F1B41EB99499000AC7BB /* Build configuration list for PBXProject "InvolvistApp" */;
			compatibilityVersion = "Xcode 3.2";
			developmentRegion = English;
			hasScannedForEncodings = 0;
			knownRegions = (
				en,
				Base,
			);
			mainGroup = AB21F1B01EB99499000AC7BB;
			productRefGroup = AB21F1BA1EB99499000AC7BB /* Products */;
			projectDirPath = "";
			projectRoot = "";
			targets = (
				AB21F1B81EB99499000AC7BB /* InvolvistApp */,
			);
		};
/* End PBXProject section */

/* Begin PBXResourcesBuildPhase section */
		AB21F1B71EB99499000AC7BB /* Resources */ = {
			isa = PBXResourcesBuildPhase;
			buildActionMask = 2147483647;
			files = (
				AB5223BA1EDBDA58006D9CB2 /* PopoverView.xib in Resources */,
				AB5393F71EB9952500A00C0B /* SignIn.storyboard in Resources */,
				ABD78FBA1EBCD02500E3D5CA /* UnderlinedTextField.xib in Resources */,
				AB21F1C71EB99499000AC7BB /* LaunchScreen.storyboard in Resources */,
				AB21F1C41EB99499000AC7BB /* Assets.xcassets in Resources */,
				AB048F601EBFA16000A3F889 /* Localizable.strings in Resources */,
				AB21F1C21EB99499000AC7BB /* Main.storyboard in Resources */,
			);
			runOnlyForDeploymentPostprocessing = 0;
		};
/* End PBXResourcesBuildPhase section */

/* Begin PBXShellScriptBuildPhase section */
		04A4D974764E9702968852FC /* [CP] Check Pods Manifest.lock */ = {
			isa = PBXShellScriptBuildPhase;
			buildActionMask = 2147483647;
			files = (
			);
			inputPaths = (
			);
			name = "[CP] Check Pods Manifest.lock";
			outputPaths = (
			);
			runOnlyForDeploymentPostprocessing = 0;
			shellPath = /bin/sh;
			shellScript = "diff \"${PODS_PODFILE_DIR_PATH}/Podfile.lock\" \"${PODS_ROOT}/Manifest.lock\" > /dev/null\nif [ $? != 0 ] ; then\n    # print error to STDERR\n    echo \"error: The sandbox is not in sync with the Podfile.lock. Run 'pod install' or update your CocoaPods installation.\" >&2\n    exit 1\nfi\n";
			showEnvVarsInLog = 0;
		};
		11980E1C34B6B04DE55E080E /* [CP] Copy Pods Resources */ = {
			isa = PBXShellScriptBuildPhase;
			buildActionMask = 2147483647;
			files = (
			);
			inputPaths = (
			);
			name = "[CP] Copy Pods Resources";
			outputPaths = (
			);
			runOnlyForDeploymentPostprocessing = 0;
			shellPath = /bin/sh;
			shellScript = "\"${SRCROOT}/Pods/Target Support Files/Pods-InvolvistApp/Pods-InvolvistApp-resources.sh\"\n";
			showEnvVarsInLog = 0;
		};
		A261B20A74ED559A4AE26658 /* [CP] Embed Pods Frameworks */ = {
			isa = PBXShellScriptBuildPhase;
			buildActionMask = 2147483647;
			files = (
			);
			inputPaths = (
			);
			name = "[CP] Embed Pods Frameworks";
			outputPaths = (
			);
			runOnlyForDeploymentPostprocessing = 0;
			shellPath = /bin/sh;
			shellScript = "\"${SRCROOT}/Pods/Target Support Files/Pods-InvolvistApp/Pods-InvolvistApp-frameworks.sh\"\n";
			showEnvVarsInLog = 0;
		};
/* End PBXShellScriptBuildPhase section */

/* Begin PBXSourcesBuildPhase section */
		AB21F1B51EB99499000AC7BB /* Sources */ = {
			isa = PBXSourcesBuildPhase;
			buildActionMask = 2147483647;
			files = (
				ABD14FB31ED3EA9D005E6062 /* LocalNavigationDelegate.swift in Sources */,
				ABD14FB01ED3E108005E6062 /* SignUpViewController.swift in Sources */,
				AB5223B21ED67FA4006D9CB2 /* ApiEndpoint.swift in Sources */,
				ABD78FBC1EBCD03300E3D5CA /* UnderlinedTextField.swift in Sources */,
				ABD78FB71EBCBCFD00E3D5CA /* SignInViewController.swift in Sources */,
				AB5223B81EDBDA1D006D9CB2 /* Popover.swift in Sources */,
				ABFF86B91EE1C494005C9032 /* SignUpProgressDelegate.swift in Sources */,
				ABFF86B51EE1B642005C9032 /* SignUpPageViewController.swift in Sources */,
				ABD14FB71ED3EBBA005E6062 /* RootNavigationController+LocalNavigationDelegate.swift in Sources */,
				AB048F5D1EBD273900A3F889 /* WireframeButton.swift in Sources */,
				ABCDDB901EFE251600C7B2BA /* Text.swift in Sources */,
				AB5393FA1EB9957700A00C0B /* Theme.swift in Sources */,
				AB5223BE1EDBE5B8006D9CB2 /* ClientServiceResponse.swift in Sources */,
				AB5223C01EDD3C73006D9CB2 /* UIView+Extensions.swift in Sources */,
				ABCE348C1EC6C89D0018D57C /* User.swift in Sources */,
				ABD14FB51ED3EB00005E6062 /* DestinationView.swift in Sources */,
				AB21F1BF1EB99499000AC7BB /* RootNavigationController.swift in Sources */,
				AB5223AE1ED67E94006D9CB2 /* UserServiceDelegate.swift in Sources */,
				AB21F1BD1EB99499000AC7BB /* AppDelegate.swift in Sources */,
				AB5223B01ED67F02006D9CB2 /* UserService.swift in Sources */,
				ABCE34891EC6C7D90018D57C /* AuthServiceDelegate.swift in Sources */,
				ABFF86B71EE1B710005C9032 /* SignUpPageDataSource.swift in Sources */,
				ABF6C8421ED15B8500ED49BF /* AuthResponse.swift in Sources */,
				ABCE348E1EC6CC1F0018D57C /* AuthenticationService.swift in Sources */,
				ABCDDB921EFE281600C7B2BA /* String+Extensions.swift in Sources */,
				AB5223BC1EDBDCA1006D9CB2 /* PopoverView.swift in Sources */,
				AB5223B41ED68F47006D9CB2 /* ContentType.swift in Sources */,
				AB28F5EC1EEE57CD00D2E756 /* Fonts.swift in Sources */,
				ABFF86BD1EE264DF005C9032 /* SignUpLocatorViewController.swift in Sources */,
			);
			runOnlyForDeploymentPostprocessing = 0;
		};
/* End PBXSourcesBuildPhase section */

/* Begin PBXVariantGroup section */
		AB21F1C01EB99499000AC7BB /* Main.storyboard */ = {
			isa = PBXVariantGroup;
			children = (
				AB21F1C11EB99499000AC7BB /* Base */,
			);
			name = Main.storyboard;
			sourceTree = "<group>";
		};
		AB21F1C51EB99499000AC7BB /* LaunchScreen.storyboard */ = {
			isa = PBXVariantGroup;
			children = (
				AB21F1C61EB99499000AC7BB /* Base */,
			);
			name = LaunchScreen.storyboard;
			sourceTree = "<group>";
		};
/* End PBXVariantGroup section */

/* Begin XCBuildConfiguration section */
		AB21F1C91EB99499000AC7BB /* Debug */ = {
			isa = XCBuildConfiguration;
			buildSettings = {
				ALWAYS_SEARCH_USER_PATHS = NO;
				CLANG_ANALYZER_NONNULL = YES;
				CLANG_ANALYZER_NUMBER_OBJECT_CONVERSION = YES_AGGRESSIVE;
				CLANG_CXX_LANGUAGE_STANDARD = "gnu++0x";
				CLANG_CXX_LIBRARY = "libc++";
				CLANG_ENABLE_MODULES = YES;
				CLANG_ENABLE_OBJC_ARC = YES;
				CLANG_WARN_BOOL_CONVERSION = YES;
				CLANG_WARN_CONSTANT_CONVERSION = YES;
				CLANG_WARN_DIRECT_OBJC_ISA_USAGE = YES_ERROR;
				CLANG_WARN_DOCUMENTATION_COMMENTS = YES;
				CLANG_WARN_EMPTY_BODY = YES;
				CLANG_WARN_ENUM_CONVERSION = YES;
				CLANG_WARN_INFINITE_RECURSION = YES;
				CLANG_WARN_INT_CONVERSION = YES;
				CLANG_WARN_OBJC_ROOT_CLASS = YES_ERROR;
				CLANG_WARN_SUSPICIOUS_MOVE = YES;
				CLANG_WARN_UNREACHABLE_CODE = YES;
				CLANG_WARN__DUPLICATE_METHOD_MATCH = YES;
				"CODE_SIGN_IDENTITY[sdk=iphoneos*]" = "iPhone Developer";
				COPY_PHASE_STRIP = NO;
				DEBUG_INFORMATION_FORMAT = dwarf;
				ENABLE_STRICT_OBJC_MSGSEND = YES;
				ENABLE_TESTABILITY = YES;
				GCC_C_LANGUAGE_STANDARD = gnu99;
				GCC_DYNAMIC_NO_PIC = NO;
				GCC_NO_COMMON_BLOCKS = YES;
				GCC_OPTIMIZATION_LEVEL = 0;
				GCC_PREPROCESSOR_DEFINITIONS = (
					"DEBUG=1",
					"$(inherited)",
				);
				GCC_WARN_64_TO_32_BIT_CONVERSION = YES;
				GCC_WARN_ABOUT_RETURN_TYPE = YES_ERROR;
				GCC_WARN_UNDECLARED_SELECTOR = YES;
				GCC_WARN_UNINITIALIZED_AUTOS = YES_AGGRESSIVE;
				GCC_WARN_UNUSED_FUNCTION = YES;
				GCC_WARN_UNUSED_VARIABLE = YES;
				IPHONEOS_DEPLOYMENT_TARGET = 10.3;
				MTL_ENABLE_DEBUG_INFO = YES;
				ONLY_ACTIVE_ARCH = YES;
				SDKROOT = iphoneos;
				SWIFT_ACTIVE_COMPILATION_CONDITIONS = DEBUG;
				SWIFT_OPTIMIZATION_LEVEL = "-Onone";
				TARGETED_DEVICE_FAMILY = "1,2";
			};
			name = Debug;
		};
		AB21F1CA1EB99499000AC7BB /* Release */ = {
			isa = XCBuildConfiguration;
			buildSettings = {
				ALWAYS_SEARCH_USER_PATHS = NO;
				CLANG_ANALYZER_NONNULL = YES;
				CLANG_ANALYZER_NUMBER_OBJECT_CONVERSION = YES_AGGRESSIVE;
				CLANG_CXX_LANGUAGE_STANDARD = "gnu++0x";
				CLANG_CXX_LIBRARY = "libc++";
				CLANG_ENABLE_MODULES = YES;
				CLANG_ENABLE_OBJC_ARC = YES;
				CLANG_WARN_BOOL_CONVERSION = YES;
				CLANG_WARN_CONSTANT_CONVERSION = YES;
				CLANG_WARN_DIRECT_OBJC_ISA_USAGE = YES_ERROR;
				CLANG_WARN_DOCUMENTATION_COMMENTS = YES;
				CLANG_WARN_EMPTY_BODY = YES;
				CLANG_WARN_ENUM_CONVERSION = YES;
				CLANG_WARN_INFINITE_RECURSION = YES;
				CLANG_WARN_INT_CONVERSION = YES;
				CLANG_WARN_OBJC_ROOT_CLASS = YES_ERROR;
				CLANG_WARN_SUSPICIOUS_MOVE = YES;
				CLANG_WARN_UNREACHABLE_CODE = YES;
				CLANG_WARN__DUPLICATE_METHOD_MATCH = YES;
				"CODE_SIGN_IDENTITY[sdk=iphoneos*]" = "iPhone Developer";
				COPY_PHASE_STRIP = NO;
				DEBUG_INFORMATION_FORMAT = "dwarf-with-dsym";
				ENABLE_NS_ASSERTIONS = NO;
				ENABLE_STRICT_OBJC_MSGSEND = YES;
				GCC_C_LANGUAGE_STANDARD = gnu99;
				GCC_NO_COMMON_BLOCKS = YES;
				GCC_WARN_64_TO_32_BIT_CONVERSION = YES;
				GCC_WARN_ABOUT_RETURN_TYPE = YES_ERROR;
				GCC_WARN_UNDECLARED_SELECTOR = YES;
				GCC_WARN_UNINITIALIZED_AUTOS = YES_AGGRESSIVE;
				GCC_WARN_UNUSED_FUNCTION = YES;
				GCC_WARN_UNUSED_VARIABLE = YES;
				IPHONEOS_DEPLOYMENT_TARGET = 10.3;
				MTL_ENABLE_DEBUG_INFO = NO;
				SDKROOT = iphoneos;
				SWIFT_OPTIMIZATION_LEVEL = "-Owholemodule";
				TARGETED_DEVICE_FAMILY = "1,2";
				VALIDATE_PRODUCT = YES;
			};
			name = Release;
		};
		AB21F1CC1EB99499000AC7BB /* Debug */ = {
			isa = XCBuildConfiguration;
			baseConfigurationReference = E375DEC1A7A53449A1196512 /* Pods-InvolvistApp.debug.xcconfig */;
			buildSettings = {
				ASSETCATALOG_COMPILER_APPICON_NAME = AppIcon;
				INFOPLIST_FILE = InvolvistApp/Info.plist;
				LD_RUNPATH_SEARCH_PATHS = "$(inherited) @executable_path/Frameworks";
				PRODUCT_BUNDLE_IDENTIFIER = com.involvist.InvolvistApp;
				PRODUCT_NAME = "$(TARGET_NAME)";
				SWIFT_VERSION = 3.0;
			};
			name = Debug;
		};
		AB21F1CD1EB99499000AC7BB /* Release */ = {
			isa = XCBuildConfiguration;
			baseConfigurationReference = 2176B88952D90FB15A06FEEC /* Pods-InvolvistApp.release.xcconfig */;
			buildSettings = {
				ASSETCATALOG_COMPILER_APPICON_NAME = AppIcon;
				INFOPLIST_FILE = InvolvistApp/Info.plist;
				LD_RUNPATH_SEARCH_PATHS = "$(inherited) @executable_path/Frameworks";
				PRODUCT_BUNDLE_IDENTIFIER = com.involvist.InvolvistApp;
				PRODUCT_NAME = "$(TARGET_NAME)";
				SWIFT_VERSION = 3.0;
			};
			name = Release;
		};
/* End XCBuildConfiguration section */

/* Begin XCConfigurationList section */
		AB21F1B41EB99499000AC7BB /* Build configuration list for PBXProject "InvolvistApp" */ = {
			isa = XCConfigurationList;
			buildConfigurations = (
				AB21F1C91EB99499000AC7BB /* Debug */,
				AB21F1CA1EB99499000AC7BB /* Release */,
			);
			defaultConfigurationIsVisible = 0;
			defaultConfigurationName = Release;
		};
		AB21F1CB1EB99499000AC7BB /* Build configuration list for PBXNativeTarget "InvolvistApp" */ = {
			isa = XCConfigurationList;
			buildConfigurations = (
				AB21F1CC1EB99499000AC7BB /* Debug */,
				AB21F1CD1EB99499000AC7BB /* Release */,
			);
			defaultConfigurationIsVisible = 0;
			defaultConfigurationName = Release;
		};
/* End XCConfigurationList section */
	};
	rootObject = AB21F1B11EB99499000AC7BB /* Project object */;
}
